// !$*UTF8*$!
{
	archiveVersion = 1;
	classes = {
	};
	objectVersion = 48;
	objects = {

/* Begin PBXBuildFile section */
		7B8C27A2204DC56A00129D6F /* RecursionTester.cpp in Sources */ = {isa = PBXBuildFile; fileRef = 7B8C27A0204DC56A00129D6F /* RecursionTester.cpp */; };
		7BA36B88206ACA3A00149E9D /* BinaryTreeTester.cpp in Sources */ = {isa = PBXBuildFile; fileRef = 7BA36B86206ACA3A00149E9D /* BinaryTreeTester.cpp */; };
		7BC08E2B2065732B00493307 /* GraphTester.cpp in Sources */ = {isa = PBXBuildFile; fileRef = 7BC08E2A2065732B00493307 /* GraphTester.cpp */; };
		7BC4205B205AE96500AC47B6 /* SortingTester.cpp in Sources */ = {isa = PBXBuildFile; fileRef = 7BC42059205AE96500AC47B6 /* SortingTester.cpp */; };
		7BD10D38204742E3009542AC /* TestingStacksAndQueues.cpp in Sources */ = {isa = PBXBuildFile; fileRef = 7BD10D36204742E3009542AC /* TestingStacksAndQueues.cpp */; };
		7BD10D3B20474552009542AC /* Timer.cpp in Sources */ = {isa = PBXBuildFile; fileRef = 7BD10D3920474552009542AC /* Timer.cpp */; };
		7BDD6A3B202243F40022239B /* Runner.cpp in Sources */ = {isa = PBXBuildFile; fileRef = 7BDD6A39202243F40022239B /* Runner.cpp */; };
		7BDD6A4A20224DED0022239B /* Controller.cpp in Sources */ = {isa = PBXBuildFile; fileRef = 7BDD6A4820224DED0022239B /* Controller.cpp */; };
		7BDD6A4D202250160022239B /* CrimeData.cpp in Sources */ = {isa = PBXBuildFile; fileRef = 7BDD6A4B202250160022239B /* CrimeData.cpp */; };
		7BDD6A51202253AD0022239B /* FileController.cpp in Sources */ = {isa = PBXBuildFile; fileRef = 7BDD6A4F202253AD0022239B /* FileController.cpp */; };
		7BF727AA202A33B600FE3AFE /* ArrayTester.cpp in Sources */ = {isa = PBXBuildFile; fileRef = 7BF727A8202A33B600FE3AFE /* ArrayTester.cpp */; };
/* End PBXBuildFile section */

/* Begin PBXCopyFilesBuildPhase section */
		7BDD6A2D202243430022239B /* CopyFiles */ = {
			isa = PBXCopyFilesBuildPhase;
			buildActionMask = 2147483647;
			dstPath = /usr/share/man/man1/;
			dstSubfolderSpec = 0;
			files = (
			);
			runOnlyForDeploymentPostprocessing = 1;
		};
/* End PBXCopyFilesBuildPhase section */

/* Begin PBXFileReference section */
		7B07949420866B62002C914C /* AVLTree.h */ = {isa = PBXFileReference; lastKnownFileType = sourcecode.c.h; path = AVLTree.h; sourceTree = "<group>"; };
		7B092905206036470078EBE0 /* Graph.h */ = {isa = PBXFileReference; lastKnownFileType = sourcecode.c.h; path = Graph.h; sourceTree = "<group>"; };
		7B140D59203CAB25005C50EA /* List.hpp */ = {isa = PBXFileReference; lastKnownFileType = sourcecode.cpp.h; path = List.hpp; sourceTree = "<group>"; };
		7B140D5A203CBBEB005C50EA /* LinkedListTester.h */ = {isa = PBXFileReference; lastKnownFileType = sourcecode.c.h; path = LinkedListTester.h; sourceTree = "<group>"; };
		7B25CC5D2034B99100F99B15 /* LinkedList.hpp */ = {isa = PBXFileReference; lastKnownFileType = sourcecode.cpp.h; path = LinkedList.hpp; sourceTree = "<group>"; };
		7B4B6D48202CE26200DB5199 /* AbstractBase.hpp */ = {isa = PBXFileReference; lastKnownFileType = sourcecode.cpp.h; path = AbstractBase.hpp; sourceTree = "<group>"; };
		7B8191F2206D60A00036C426 /* BinarySearchTree.h */ = {isa = PBXFileReference; lastKnownFileType = sourcecode.c.h; path = BinarySearchTree.h; sourceTree = "<group>"; };
		7B8C27A0204DC56A00129D6F /* RecursionTester.cpp */ = {isa = PBXFileReference; lastKnownFileType = sourcecode.cpp.cpp; path = RecursionTester.cpp; sourceTree = "<group>"; };
		7B8C27A1204DC56A00129D6F /* RecursionTester.hpp */ = {isa = PBXFileReference; lastKnownFileType = sourcecode.cpp.h; path = RecursionTester.hpp; sourceTree = "<group>"; };
		7BA36B85206AC04600149E9D /* BinaryTreeNode.h */ = {isa = PBXFileReference; lastKnownFileType = sourcecode.c.h; path = BinaryTreeNode.h; sourceTree = "<group>"; };
		7BA36B86206ACA3A00149E9D /* BinaryTreeTester.cpp */ = {isa = PBXFileReference; lastKnownFileType = sourcecode.cpp.cpp; path = BinaryTreeTester.cpp; sourceTree = "<group>"; };
		7BA36B87206ACA3A00149E9D /* BinaryTreeTester.hpp */ = {isa = PBXFileReference; lastKnownFileType = sourcecode.cpp.h; path = BinaryTreeTester.hpp; sourceTree = "<group>"; };
		7BA36B89206AD40600149E9D /* Tree.h */ = {isa = PBXFileReference; lastKnownFileType = sourcecode.c.h; path = Tree.h; sourceTree = "<group>"; };
		7BC08E262065721100493307 /* GraphTester.hpp */ = {isa = PBXFileReference; lastKnownFileType = sourcecode.cpp.h; path = GraphTester.hpp; sourceTree = "<group>"; };
		7BC08E2A2065732B00493307 /* GraphTester.cpp */ = {isa = PBXFileReference; lastKnownFileType = sourcecode.cpp.cpp; path = GraphTester.cpp; sourceTree = "<group>"; };
		7BC42059205AE96500AC47B6 /* SortingTester.cpp */ = {isa = PBXFileReference; lastKnownFileType = sourcecode.cpp.cpp; path = SortingTester.cpp; sourceTree = "<group>"; };
		7BC4205A205AE96500AC47B6 /* SortingTester.hpp */ = {isa = PBXFileReference; lastKnownFileType = sourcecode.cpp.h; path = SortingTester.hpp; sourceTree = "<group>"; };
		7BD10D352047317A009542AC /* Queue.h */ = {isa = PBXFileReference; lastKnownFileType = sourcecode.c.h; path = Queue.h; sourceTree = "<group>"; };
		7BD10D36204742E3009542AC /* TestingStacksAndQueues.cpp */ = {isa = PBXFileReference; lastKnownFileType = sourcecode.cpp.cpp; path = TestingStacksAndQueues.cpp; sourceTree = "<group>"; };
		7BD10D37204742E3009542AC /* TestingStacksAndQueues.hpp */ = {isa = PBXFileReference; lastKnownFileType = sourcecode.cpp.h; path = TestingStacksAndQueues.hpp; sourceTree = "<group>"; };
		7BD10D3920474552009542AC /* Timer.cpp */ = {isa = PBXFileReference; lastKnownFileType = sourcecode.cpp.cpp; path = Timer.cpp; sourceTree = "<group>"; };
		7BD10D3A20474552009542AC /* Timer.hpp */ = {isa = PBXFileReference; lastKnownFileType = sourcecode.cpp.h; path = Timer.hpp; sourceTree = "<group>"; };
		7BD6BE1820939F6F00D4638F /* HashNode.h */ = {isa = PBXFileReference; lastKnownFileType = sourcecode.c.h; path = HashNode.h; sourceTree = "<group>"; };
		7BD6BE192093A18D00D4638F /* Hashtable.h */ = {isa = PBXFileReference; lastKnownFileType = sourcecode.c.h; path = Hashtable.h; sourceTree = "<group>"; };
		7BDC211220448FA400270650 /* DoubleNode.h */ = {isa = PBXFileReference; lastKnownFileType = sourcecode.c.h; path = DoubleNode.h; sourceTree = "<group>"; };
		7BDC211420449ACE00270650 /* CircularList.h */ = {isa = PBXFileReference; lastKnownFileType = sourcecode.c.h; path = CircularList.h; sourceTree = "<group>"; };
		7BDC21152044A61000270650 /* Stack.h */ = {isa = PBXFileReference; lastKnownFileType = sourcecode.c.h; path = Stack.h; sourceTree = "<group>"; };
		7BDD6A2F202243430022239B /* DataStructures */ = {isa = PBXFileReference; explicitFileType = "compiled.mach-o.executable"; includeInIndex = 0; path = DataStructures; sourceTree = BUILT_PRODUCTS_DIR; };
		7BDD6A39202243F40022239B /* Runner.cpp */ = {isa = PBXFileReference; lastKnownFileType = sourcecode.cpp.cpp; path = Runner.cpp; sourceTree = "<group>"; };
		7BDD6A4820224DED0022239B /* Controller.cpp */ = {isa = PBXFileReference; fileEncoding = 4; lastKnownFileType = sourcecode.cpp.cpp; path = Controller.cpp; sourceTree = "<group>"; };
		7BDD6A4920224DED0022239B /* Controller.hpp */ = {isa = PBXFileReference; fileEncoding = 4; lastKnownFileType = sourcecode.cpp.h; path = Controller.hpp; sourceTree = "<group>"; };
		7BDD6A4B202250160022239B /* CrimeData.cpp */ = {isa = PBXFileReference; fileEncoding = 4; lastKnownFileType = sourcecode.cpp.cpp; path = CrimeData.cpp; sourceTree = "<group>"; };
		7BDD6A4C202250160022239B /* CrimeData.hpp */ = {isa = PBXFileReference; fileEncoding = 4; lastKnownFileType = sourcecode.cpp.h; path = CrimeData.hpp; sourceTree = "<group>"; };
		7BDD6A4E202250440022239B /* crime.csv */ = {isa = PBXFileReference; fileEncoding = 4; lastKnownFileType = text; path = crime.csv; sourceTree = "<group>"; };
		7BDD6A4F202253AD0022239B /* FileController.cpp */ = {isa = PBXFileReference; lastKnownFileType = sourcecode.cpp.cpp; path = FileController.cpp; sourceTree = "<group>"; };
		7BDD6A50202253AD0022239B /* FileController.hpp */ = {isa = PBXFileReference; lastKnownFileType = sourcecode.cpp.h; path = FileController.hpp; sourceTree = "<group>"; };
		7BED5AC5208E50FD0002A1E7 /* N_AryTreeNode.h */ = {isa = PBXFileReference; lastKnownFileType = sourcecode.c.h; path = N_AryTreeNode.h; sourceTree = "<group>"; };
		7BEF2FF02024F24A00FEB4FA /* Array.hpp */ = {isa = PBXFileReference; lastKnownFileType = sourcecode.cpp.h; path = Array.hpp; sourceTree = "<group>"; };
		7BF727A8202A33B600FE3AFE /* ArrayTester.cpp */ = {isa = PBXFileReference; lastKnownFileType = sourcecode.cpp.cpp; path = ArrayTester.cpp; sourceTree = "<group>"; };
		7BF727A9202A33B600FE3AFE /* ArrayTester.hpp */ = {isa = PBXFileReference; lastKnownFileType = sourcecode.cpp.h; path = ArrayTester.hpp; sourceTree = "<group>"; };
		7BF727AE202A419000FE3AFE /* Node.hpp */ = {isa = PBXFileReference; lastKnownFileType = sourcecode.cpp.h; path = Node.hpp; sourceTree = "<group>"; };
		7BF727AF202A47E000FE3AFE /* LinearNode.hpp */ = {isa = PBXFileReference; lastKnownFileType = sourcecode.cpp.h; path = LinearNode.hpp; sourceTree = "<group>"; };
/* End PBXFileReference section */

/* Begin PBXFrameworksBuildPhase section */
		7BDD6A2C202243430022239B /* Frameworks */ = {
			isa = PBXFrameworksBuildPhase;
			buildActionMask = 2147483647;
			files = (
			);
			runOnlyForDeploymentPostprocessing = 0;
		};
/* End PBXFrameworksBuildPhase section */

/* Begin PBXGroup section */
		7BC08E272065725800493307 /* NonLinear */ = {
			isa = PBXGroup;
			children = (
				7B092905206036470078EBE0 /* Graph.h */,
				7BA36B89206AD40600149E9D /* Tree.h */,
				7B8191F2206D60A00036C426 /* BinarySearchTree.h */,
				7B07949420866B62002C914C /* AVLTree.h */,
				7BD6BE192093A18D00D4638F /* Hashtable.h */,
			);
			path = NonLinear;
			sourceTree = "<group>";
		};
		7BDC211320449A9700270650 /* Linear */ = {
			isa = PBXGroup;
			children = (
				7BEF2FF02024F24A00FEB4FA /* Array.hpp */,
				7B25CC5D2034B99100F99B15 /* LinkedList.hpp */,
				7B140D59203CAB25005C50EA /* List.hpp */,
				7BDC211420449ACE00270650 /* CircularList.h */,
				7BDC21152044A61000270650 /* Stack.h */,
				7BD10D352047317A009542AC /* Queue.h */,
			);
			path = Linear;
			sourceTree = "<group>";
		};
		7BDD6A26202243430022239B = {
			isa = PBXGroup;
			children = (
				7BDD6A31202243430022239B /* DataStructures */,
				7BDD6A40202244480022239B /* Testing */,
				7BDD6A30202243430022239B /* Products */,
			);
			sourceTree = "<group>";
		};
		7BDD6A30202243430022239B /* Products */ = {
			isa = PBXGroup;
			children = (
				7BDD6A2F202243430022239B /* DataStructures */,
			);
			name = Products;
			sourceTree = "<group>";
		};
		7BDD6A31202243430022239B /* DataStructures */ = {
			isa = PBXGroup;
			children = (
				7BF727A7202A338D00FE3AFE /* Testers */,
				7BDD6A39202243F40022239B /* Runner.cpp */,
				7BDD6A3C202244040022239B /* Diagrams */,
				7BDD6A3D2022440F0022239B /* Data */,
				7BDD6A3E202244180022239B /* Controller */,
				7BDD6A3F202244220022239B /* Model */,
			);
			path = DataStructures;
			sourceTree = "<group>";
		};
		7BDD6A3C202244040022239B /* Diagrams */ = {
			isa = PBXGroup;
			children = (
			);
			path = Diagrams;
			sourceTree = "<group>";
		};
		7BDD6A3D2022440F0022239B /* Data */ = {
			isa = PBXGroup;
			children = (
				7BDD6A4E202250440022239B /* crime.csv */,
				7BDD6A4B202250160022239B /* CrimeData.cpp */,
				7BDD6A4C202250160022239B /* CrimeData.hpp */,
			);
			path = Data;
			sourceTree = "<group>";
		};
		7BDD6A3E202244180022239B /* Controller */ = {
			isa = PBXGroup;
			children = (
				7BDD6A412022449E0022239B /* Tools */,
				7BDD6A4F202253AD0022239B /* FileController.cpp */,
				7BDD6A50202253AD0022239B /* FileController.hpp */,
				7BDD6A4820224DED0022239B /* Controller.cpp */,
				7BDD6A4920224DED0022239B /* Controller.hpp */,
			);
			path = Controller;
			sourceTree = "<group>";
		};
		7BDD6A3F202244220022239B /* Model */ = {
			isa = PBXGroup;
			children = (
				7BF727AD202A417000FE3AFE /* Nodes */,
				7BEF2FF22025023400FEB4FA /* Structure */,
			);
			path = Model;
			sourceTree = "<group>";
		};
		7BDD6A40202244480022239B /* Testing */ = {
			isa = PBXGroup;
			children = (
			);
			path = Testing;
			sourceTree = "<group>";
		};
		7BDD6A412022449E0022239B /* Tools */ = {
			isa = PBXGroup;
			children = (
				7BD10D3920474552009542AC /* Timer.cpp */,
				7BD10D3A20474552009542AC /* Timer.hpp */,
			);
			path = Tools;
			sourceTree = "<group>";
		};
		7BEF2FF22025023400FEB4FA /* Structure */ = {
			isa = PBXGroup;
			children = (
				7BC08E272065725800493307 /* NonLinear */,
				7BDC211320449A9700270650 /* Linear */,
				7B4B6D48202CE26200DB5199 /* AbstractBase.hpp */,
			);
			path = Structure;
			sourceTree = "<group>";
		};
		7BF727A7202A338D00FE3AFE /* Testers */ = {
			isa = PBXGroup;
			children = (
				7BF727A8202A33B600FE3AFE /* ArrayTester.cpp */,
				7BF727A9202A33B600FE3AFE /* ArrayTester.hpp */,
				7B140D5A203CBBEB005C50EA /* LinkedListTester.h */,
				7BD10D36204742E3009542AC /* TestingStacksAndQueues.cpp */,
				7BD10D37204742E3009542AC /* TestingStacksAndQueues.hpp */,
				7B8C27A0204DC56A00129D6F /* RecursionTester.cpp */,
				7B8C27A1204DC56A00129D6F /* RecursionTester.hpp */,
				7BC42059205AE96500AC47B6 /* SortingTester.cpp */,
				7BC4205A205AE96500AC47B6 /* SortingTester.hpp */,
				7BC08E262065721100493307 /* GraphTester.hpp */,
				7BC08E2A2065732B00493307 /* GraphTester.cpp */,
				7BA36B86206ACA3A00149E9D /* BinaryTreeTester.cpp */,
				7BA36B87206ACA3A00149E9D /* BinaryTreeTester.hpp */,
			);
			path = Testers;
			sourceTree = "<group>";
		};
		7BF727AD202A417000FE3AFE /* Nodes */ = {
			isa = PBXGroup;
			children = (
				7BF727AE202A419000FE3AFE /* Node.hpp */,
				7BF727AF202A47E000FE3AFE /* LinearNode.hpp */,
				7BDC211220448FA400270650 /* DoubleNode.h */,
				7BA36B85206AC04600149E9D /* BinaryTreeNode.h */,
				7BED5AC5208E50FD0002A1E7 /* N_AryTreeNode.h */,
				7BD6BE1820939F6F00D4638F /* HashNode.h */,
			);
			path = Nodes;
			sourceTree = "<group>";
		};
/* End PBXGroup section */

/* Begin PBXNativeTarget section */
		7BDD6A2E202243430022239B /* DataStructures */ = {
			isa = PBXNativeTarget;
			buildConfigurationList = 7BDD6A36202243430022239B /* Build configuration list for PBXNativeTarget "DataStructures" */;
			buildPhases = (
				7BDD6A2B202243430022239B /* Sources */,
				7BDD6A2C202243430022239B /* Frameworks */,
				7BDD6A2D202243430022239B /* CopyFiles */,
			);
			buildRules = (
			);
			dependencies = (
			);
			name = DataStructures;
			productName = DataStructures;
			productReference = 7BDD6A2F202243430022239B /* DataStructures */;
			productType = "com.apple.product-type.tool";
		};
/* End PBXNativeTarget section */

/* Begin PBXProject section */
		7BDD6A27202243430022239B /* Project object */ = {
			isa = PBXProject;
			attributes = {
				LastUpgradeCheck = 0900;
				ORGANIZATIONNAME = CTEC;
				TargetAttributes = {
					7BDD6A2E202243430022239B = {
						CreatedOnToolsVersion = 9.0;
						ProvisioningStyle = Automatic;
					};
				};
			};
			buildConfigurationList = 7BDD6A2A202243430022239B /* Build configuration list for PBXProject "DataStructures" */;
			compatibilityVersion = "Xcode 8.0";
			developmentRegion = en;
			hasScannedForEncodings = 0;
			knownRegions = (
				en,
			);
			mainGroup = 7BDD6A26202243430022239B;
			productRefGroup = 7BDD6A30202243430022239B /* Products */;
			projectDirPath = "";
			projectRoot = "";
			targets = (
				7BDD6A2E202243430022239B /* DataStructures */,
			);
		};
/* End PBXProject section */

/* Begin PBXSourcesBuildPhase section */
		7BDD6A2B202243430022239B /* Sources */ = {
			isa = PBXSourcesBuildPhase;
			buildActionMask = 2147483647;
			files = (
				7BDD6A4D202250160022239B /* CrimeData.cpp in Sources */,
				7BD10D38204742E3009542AC /* TestingStacksAndQueues.cpp in Sources */,
				7BDD6A51202253AD0022239B /* FileController.cpp in Sources */,
				7BC08E2B2065732B00493307 /* GraphTester.cpp in Sources */,
				7BC4205B205AE96500AC47B6 /* SortingTester.cpp in Sources */,
				7BA36B88206ACA3A00149E9D /* BinaryTreeTester.cpp in Sources */,
				7BDD6A4A20224DED0022239B /* Controller.cpp in Sources */,
				7BF727AA202A33B600FE3AFE /* ArrayTester.cpp in Sources */,
				7B8C27A2204DC56A00129D6F /* RecursionTester.cpp in Sources */,
				7BD10D3B20474552009542AC /* Timer.cpp in Sources */,
				7BDD6A3B202243F40022239B /* Runner.cpp in Sources */,
			);
			runOnlyForDeploymentPostprocessing = 0;
		};
/* End PBXSourcesBuildPhase section */

/* Begin XCBuildConfiguration section */
		7BDD6A34202243430022239B /* Debug */ = {
			isa = XCBuildConfiguration;
			buildSettings = {
				ALWAYS_SEARCH_USER_PATHS = NO;
				CLANG_ANALYZER_NONNULL = YES;
				CLANG_ANALYZER_NUMBER_OBJECT_CONVERSION = YES_AGGRESSIVE;
				CLANG_CXX_LANGUAGE_STANDARD = "gnu++14";
				CLANG_CXX_LIBRARY = "libc++";
				CLANG_ENABLE_MODULES = YES;
				CLANG_ENABLE_OBJC_ARC = YES;
				CLANG_WARN_BLOCK_CAPTURE_AUTORELEASING = YES;
				CLANG_WARN_BOOL_CONVERSION = YES;
				CLANG_WARN_COMMA = YES;
				CLANG_WARN_CONSTANT_CONVERSION = YES;
				CLANG_WARN_DIRECT_OBJC_ISA_USAGE = YES_ERROR;
				CLANG_WARN_DOCUMENTATION_COMMENTS = YES;
				CLANG_WARN_EMPTY_BODY = YES;
				CLANG_WARN_ENUM_CONVERSION = YES;
				CLANG_WARN_INFINITE_RECURSION = YES;
				CLANG_WARN_INT_CONVERSION = YES;
				CLANG_WARN_NON_LITERAL_NULL_CONVERSION = YES;
				CLANG_WARN_OBJC_LITERAL_CONVERSION = YES;
				CLANG_WARN_OBJC_ROOT_CLASS = YES_ERROR;
				CLANG_WARN_RANGE_LOOP_ANALYSIS = YES;
				CLANG_WARN_STRICT_PROTOTYPES = YES;
				CLANG_WARN_SUSPICIOUS_MOVE = YES;
				CLANG_WARN_UNGUARDED_AVAILABILITY = YES_AGGRESSIVE;
				CLANG_WARN_UNREACHABLE_CODE = YES;
				CLANG_WARN__DUPLICATE_METHOD_MATCH = YES;
				CODE_SIGN_IDENTITY = "-";
				COPY_PHASE_STRIP = NO;
				DEBUG_INFORMATION_FORMAT = dwarf;
				ENABLE_STRICT_OBJC_MSGSEND = YES;
				ENABLE_TESTABILITY = YES;
				GCC_C_LANGUAGE_STANDARD = gnu11;
				GCC_DYNAMIC_NO_PIC = NO;
				GCC_NO_COMMON_BLOCKS = YES;
				GCC_OPTIMIZATION_LEVEL = 0;
				GCC_PREPROCESSOR_DEFINITIONS = (
					"DEBUG=1",
					"$(inherited)",
				);
				GCC_WARN_64_TO_32_BIT_CONVERSION = YES;
				GCC_WARN_ABOUT_RETURN_TYPE = YES_ERROR;
				GCC_WARN_UNDECLARED_SELECTOR = YES;
				GCC_WARN_UNINITIALIZED_AUTOS = YES_AGGRESSIVE;
				GCC_WARN_UNUSED_FUNCTION = YES;
				GCC_WARN_UNUSED_VARIABLE = YES;
				MACOSX_DEPLOYMENT_TARGET = 10.12;
				MTL_ENABLE_DEBUG_INFO = YES;
				ONLY_ACTIVE_ARCH = YES;
				SDKROOT = macosx;
			};
			name = Debug;
		};
		7BDD6A35202243430022239B /* Release */ = {
			isa = XCBuildConfiguration;
			buildSettings = {
				ALWAYS_SEARCH_USER_PATHS = NO;
				CLANG_ANALYZER_NONNULL = YES;
				CLANG_ANALYZER_NUMBER_OBJECT_CONVERSION = YES_AGGRESSIVE;
				CLANG_CXX_LANGUAGE_STANDARD = "gnu++14";
				CLANG_CXX_LIBRARY = "libc++";
				CLANG_ENABLE_MODULES = YES;
				CLANG_ENABLE_OBJC_ARC = YES;
				CLANG_WARN_BLOCK_CAPTURE_AUTORELEASING = YES;
				CLANG_WARN_BOOL_CONVERSION = YES;
				CLANG_WARN_COMMA = YES;
				CLANG_WARN_CONSTANT_CONVERSION = YES;
				CLANG_WARN_DIRECT_OBJC_ISA_USAGE = YES_ERROR;
				CLANG_WARN_DOCUMENTATION_COMMENTS = YES;
				CLANG_WARN_EMPTY_BODY = YES;
				CLANG_WARN_ENUM_CONVERSION = YES;
				CLANG_WARN_INFINITE_RECURSION = YES;
				CLANG_WARN_INT_CONVERSION = YES;
				CLANG_WARN_NON_LITERAL_NULL_CONVERSION = YES;
				CLANG_WARN_OBJC_LITERAL_CONVERSION = YES;
				CLANG_WARN_OBJC_ROOT_CLASS = YES_ERROR;
				CLANG_WARN_RANGE_LOOP_ANALYSIS = YES;
				CLANG_WARN_STRICT_PROTOTYPES = YES;
				CLANG_WARN_SUSPICIOUS_MOVE = YES;
				CLANG_WARN_UNGUARDED_AVAILABILITY = YES_AGGRESSIVE;
				CLANG_WARN_UNREACHABLE_CODE = YES;
				CLANG_WARN__DUPLICATE_METHOD_MATCH = YES;
				CODE_SIGN_IDENTITY = "-";
				COPY_PHASE_STRIP = NO;
				DEBUG_INFORMATION_FORMAT = "dwarf-with-dsym";
				ENABLE_NS_ASSERTIONS = NO;
				ENABLE_STRICT_OBJC_MSGSEND = YES;
				GCC_C_LANGUAGE_STANDARD = gnu11;
				GCC_NO_COMMON_BLOCKS = YES;
				GCC_WARN_64_TO_32_BIT_CONVERSION = YES;
				GCC_WARN_ABOUT_RETURN_TYPE = YES_ERROR;
				GCC_WARN_UNDECLARED_SELECTOR = YES;
				GCC_WARN_UNINITIALIZED_AUTOS = YES_AGGRESSIVE;
				GCC_WARN_UNUSED_FUNCTION = YES;
				GCC_WARN_UNUSED_VARIABLE = YES;
				MACOSX_DEPLOYMENT_TARGET = 10.12;
				MTL_ENABLE_DEBUG_INFO = NO;
				SDKROOT = macosx;
			};
			name = Release;
		};
		7BDD6A37202243430022239B /* Debug */ = {
			isa = XCBuildConfiguration;
			buildSettings = {
				CODE_SIGN_STYLE = Automatic;
				PRODUCT_NAME = "$(TARGET_NAME)";
			};
			name = Debug;
		};
		7BDD6A38202243430022239B /* Release */ = {
			isa = XCBuildConfiguration;
			buildSettings = {
				CODE_SIGN_STYLE = Automatic;
				PRODUCT_NAME = "$(TARGET_NAME)";
			};
			name = Release;
		};
/* End XCBuildConfiguration section */

/* Begin XCConfigurationList section */
		7BDD6A2A202243430022239B /* Build configuration list for PBXProject "DataStructures" */ = {
			isa = XCConfigurationList;
			buildConfigurations = (
				7BDD6A34202243430022239B /* Debug */,
				7BDD6A35202243430022239B /* Release */,
			);
			defaultConfigurationIsVisible = 0;
			defaultConfigurationName = Release;
		};
		7BDD6A36202243430022239B /* Build configuration list for PBXNativeTarget "DataStructures" */ = {
			isa = XCConfigurationList;
			buildConfigurations = (
				7BDD6A37202243430022239B /* Debug */,
				7BDD6A38202243430022239B /* Release */,
			);
			defaultConfigurationIsVisible = 0;
			defaultConfigurationName = Release;
		};
/* End XCConfigurationList section */
	};
	rootObject = 7BDD6A27202243430022239B /* Project object */;
}
