// !$*UTF8*$!
{
	archiveVersion = 1;
	classes = {
	};
	objectVersion = 48;
	objects = {

/* Begin PBXBuildFile section */
		7BDD6A3B202243F40022239B /* Runner.cpp in Sources */ = {isa = PBXBuildFile; fileRef = 7BDD6A39202243F40022239B /* Runner.cpp */; };
		7BDD6A472022470F0022239B /* Timer.cpp in Sources */ = {isa = PBXBuildFile; fileRef = 7BDD6A452022470F0022239B /* Timer.cpp */; };
		7BDD6A4A20224DED0022239B /* Controller.cpp in Sources */ = {isa = PBXBuildFile; fileRef = 7BDD6A4820224DED0022239B /* Controller.cpp */; };
		7BDD6A4D202250160022239B /* CrimeData.cpp in Sources */ = {isa = PBXBuildFile; fileRef = 7BDD6A4B202250160022239B /* CrimeData.cpp */; };
		7BDD6A51202253AD0022239B /* FileController.cpp in Sources */ = {isa = PBXBuildFile; fileRef = 7BDD6A4F202253AD0022239B /* FileController.cpp */; };
		7BF727AA202A33B600FE3AFE /* ArrayTester.cpp in Sources */ = {isa = PBXBuildFile; fileRef = 7BF727A8202A33B600FE3AFE /* ArrayTester.cpp */; };
/* End PBXBuildFile section */

/* Begin PBXCopyFilesBuildPhase section */
		7BDD6A2D202243430022239B /* CopyFiles */ = {
			isa = PBXCopyFilesBuildPhase;
			buildActionMask = 2147483647;
			dstPath = /usr/share/man/man1/;
			dstSubfolderSpec = 0;
			files = (
			);
			runOnlyForDeploymentPostprocessing = 1;
		};
/* End PBXCopyFilesBuildPhase section */

/* Begin PBXFileReference section */
		7BDD6A2F202243430022239B /* DataStructures */ = {isa = PBXFileReference; explicitFileType = "compiled.mach-o.executable"; includeInIndex = 0; path = DataStructures; sourceTree = BUILT_PRODUCTS_DIR; };
		7BDD6A39202243F40022239B /* Runner.cpp */ = {isa = PBXFileReference; lastKnownFileType = sourcecode.cpp.cpp; path = Runner.cpp; sourceTree = "<group>"; };
		7BDD6A452022470F0022239B /* Timer.cpp */ = {isa = PBXFileReference; lastKnownFileType = sourcecode.cpp.cpp; path = Timer.cpp; sourceTree = "<group>"; };
		7BDD6A462022470F0022239B /* Timer.hpp */ = {isa = PBXFileReference; lastKnownFileType = sourcecode.cpp.h; path = Timer.hpp; sourceTree = "<group>"; };
		7BDD6A4820224DED0022239B /* Controller.cpp */ = {isa = PBXFileReference; fileEncoding = 4; lastKnownFileType = sourcecode.cpp.cpp; path = Controller.cpp; sourceTree = "<group>"; };
		7BDD6A4920224DED0022239B /* Controller.hpp */ = {isa = PBXFileReference; fileEncoding = 4; lastKnownFileType = sourcecode.cpp.h; path = Controller.hpp; sourceTree = "<group>"; };
		7BDD6A4B202250160022239B /* CrimeData.cpp */ = {isa = PBXFileReference; fileEncoding = 4; lastKnownFileType = sourcecode.cpp.cpp; path = CrimeData.cpp; sourceTree = "<group>"; };
		7BDD6A4C202250160022239B /* CrimeData.hpp */ = {isa = PBXFileReference; fileEncoding = 4; lastKnownFileType = sourcecode.cpp.h; path = CrimeData.hpp; sourceTree = "<group>"; };
		7BDD6A4E202250440022239B /* crime.csv */ = {isa = PBXFileReference; fileEncoding = 4; lastKnownFileType = text; path = crime.csv; sourceTree = "<group>"; };
		7BDD6A4F202253AD0022239B /* FileController.cpp */ = {isa = PBXFileReference; lastKnownFileType = sourcecode.cpp.cpp; path = FileController.cpp; sourceTree = "<group>"; };
		7BDD6A50202253AD0022239B /* FileController.hpp */ = {isa = PBXFileReference; lastKnownFileType = sourcecode.cpp.h; path = FileController.hpp; sourceTree = "<group>"; };
		7BEF2FF02024F24A00FEB4FA /* Array.hpp */ = {isa = PBXFileReference; lastKnownFileType = sourcecode.cpp.h; path = Array.hpp; sourceTree = "<group>"; };
		7BF727A8202A33B600FE3AFE /* ArrayTester.cpp */ = {isa = PBXFileReference; lastKnownFileType = sourcecode.cpp.cpp; path = ArrayTester.cpp; sourceTree = "<group>"; };
		7BF727A9202A33B600FE3AFE /* ArrayTester.hpp */ = {isa = PBXFileReference; lastKnownFileType = sourcecode.cpp.h; path = ArrayTester.hpp; sourceTree = "<group>"; };
/* End PBXFileReference section */

/* Begin PBXFrameworksBuildPhase section */
		7BDD6A2C202243430022239B /* Frameworks */ = {
			isa = PBXFrameworksBuildPhase;
			buildActionMask = 2147483647;
			files = (
			);
			runOnlyForDeploymentPostprocessing = 0;
		};
/* End PBXFrameworksBuildPhase section */

/* Begin PBXGroup section */
		7BDD6A26202243430022239B = {
			isa = PBXGroup;
			children = (
				7BDD6A31202243430022239B /* DataStructures */,
				7BDD6A40202244480022239B /* Testing */,
				7BDD6A30202243430022239B /* Products */,
			);
			sourceTree = "<group>";
		};
		7BDD6A30202243430022239B /* Products */ = {
			isa = PBXGroup;
			children = (
				7BDD6A2F202243430022239B /* DataStructures */,
			);
			name = Products;
			sourceTree = "<group>";
		};
		7BDD6A31202243430022239B /* DataStructures */ = {
			isa = PBXGroup;
			children = (
				7BF727A7202A338D00FE3AFE /* Testers */,
				7BDD6A39202243F40022239B /* Runner.cpp */,
				7BDD6A3C202244040022239B /* Diagrams */,
				7BDD6A3D2022440F0022239B /* Data */,
				7BDD6A3E202244180022239B /* Controller */,
				7BDD6A3F202244220022239B /* Model */,
			);
			path = DataStructures;
			sourceTree = "<group>";
		};
		7BDD6A3C202244040022239B /* Diagrams */ = {
			isa = PBXGroup;
			children = (
			);
			path = Diagrams;
			sourceTree = "<group>";
		};
		7BDD6A3D2022440F0022239B /* Data */ = {
			isa = PBXGroup;
			children = (
				7BDD6A4E202250440022239B /* crime.csv */,
				7BDD6A4B202250160022239B /* CrimeData.cpp */,
				7BDD6A4C202250160022239B /* CrimeData.hpp */,
			);
			path = Data;
			sourceTree = "<group>";
		};
		7BDD6A3E202244180022239B /* Controller */ = {
			isa = PBXGroup;
			children = (
				7BDD6A412022449E0022239B /* Tools */,
				7BDD6A4F202253AD0022239B /* FileController.cpp */,
				7BDD6A50202253AD0022239B /* FileController.hpp */,
				7BDD6A4820224DED0022239B /* Controller.cpp */,
				7BDD6A4920224DED0022239B /* Controller.hpp */,
			);
			path = Controller;
			sourceTree = "<group>";
		};
		7BDD6A3F202244220022239B /* Model */ = {
			isa = PBXGroup;
			children = (
				7BEF2FF22025023400FEB4FA /* Structure */,
			);
			path = Model;
			sourceTree = "<group>";
		};
		7BDD6A40202244480022239B /* Testing */ = {
			isa = PBXGroup;
			children = (
			);
			path = Testing;
			sourceTree = "<group>";
		};
		7BDD6A412022449E0022239B /* Tools */ = {
			isa = PBXGroup;
			children = (
				7BDD6A452022470F0022239B /* Timer.cpp */,
				7BDD6A462022470F0022239B /* Timer.hpp */,
			);
			path = Tools;
			sourceTree = "<group>";
		};
		7BEF2FF22025023400FEB4FA /* Structure */ = {
			isa = PBXGroup;
			children = (
				7BEF2FF02024F24A00FEB4FA /* Array.hpp */,
			);
			path = Structure;
			sourceTree = "<group>";
		};
		7BF727A7202A338D00FE3AFE /* Testers */ = {
			isa = PBXGroup;
			children = (
				7BF727A8202A33B600FE3AFE /* ArrayTester.cpp */,
				7BF727A9202A33B600FE3AFE /* ArrayTester.hpp */,
			);
			path = Testers;
			sourceTree = "<group>";
		};
/* End PBXGroup section */

/* Begin PBXNativeTarget section */
		7BDD6A2E202243430022239B /* DataStructures */ = {
			isa = PBXNativeTarget;
			buildConfigurationList = 7BDD6A36202243430022239B /* Build configuration list for PBXNativeTarget "DataStructures" */;
			buildPhases = (
				7BDD6A2B202243430022239B /* Sources */,
				7BDD6A2C202243430022239B /* Frameworks */,
				7BDD6A2D202243430022239B /* CopyFiles */,
			);
			buildRules = (
			);
			dependencies = (
			);
			name = DataStructures;
			productName = DataStructures;
			productReference = 7BDD6A2F202243430022239B /* DataStructures */;
			productType = "com.apple.product-type.tool";
		};
/* End PBXNativeTarget section */

/* Begin PBXProject section */
		7BDD6A27202243430022239B /* Project object */ = {
			isa = PBXProject;
			attributes = {
				LastUpgradeCheck = 0900;
				ORGANIZATIONNAME = CTEC;
				TargetAttributes = {
					7BDD6A2E202243430022239B = {
						CreatedOnToolsVersion = 9.0;
						ProvisioningStyle = Automatic;
					};
				};
			};
			buildConfigurationList = 7BDD6A2A202243430022239B /* Build configuration list for PBXProject "DataStructures" */;
			compatibilityVersion = "Xcode 8.0";
			developmentRegion = en;
			hasScannedForEncodings = 0;
			knownRegions = (
				en,
			);
			mainGroup = 7BDD6A26202243430022239B;
			productRefGroup = 7BDD6A30202243430022239B /* Products */;
			projectDirPath = "";
			projectRoot = "";
			targets = (
				7BDD6A2E202243430022239B /* DataStructures */,
			);
		};
/* End PBXProject section */

/* Begin PBXSourcesBuildPhase section */
		7BDD6A2B202243430022239B /* Sources */ = {
			isa = PBXSourcesBuildPhase;
			buildActionMask = 2147483647;
			files = (
				7BDD6A4D202250160022239B /* CrimeData.cpp in Sources */,
				7BDD6A472022470F0022239B /* Timer.cpp in Sources */,
				7BDD6A51202253AD0022239B /* FileController.cpp in Sources */,
				7BDD6A4A20224DED0022239B /* Controller.cpp in Sources */,
				7BF727AA202A33B600FE3AFE /* ArrayTester.cpp in Sources */,
				7BDD6A3B202243F40022239B /* Runner.cpp in Sources */,
			);
			runOnlyForDeploymentPostprocessing = 0;
		};
/* End PBXSourcesBuildPhase section */

/* Begin XCBuildConfiguration section */
		7BDD6A34202243430022239B /* Debug */ = {
			isa = XCBuildConfiguration;
			buildSettings = {
				ALWAYS_SEARCH_USER_PATHS = NO;
				CLANG_ANALYZER_NONNULL = YES;
				CLANG_ANALYZER_NUMBER_OBJECT_CONVERSION = YES_AGGRESSIVE;
				CLANG_CXX_LANGUAGE_STANDARD = "gnu++14";
				CLANG_CXX_LIBRARY = "libc++";
				CLANG_ENABLE_MODULES = YES;
				CLANG_ENABLE_OBJC_ARC = YES;
				CLANG_WARN_BLOCK_CAPTURE_AUTORELEASING = YES;
				CLANG_WARN_BOOL_CONVERSION = YES;
				CLANG_WARN_COMMA = YES;
				CLANG_WARN_CONSTANT_CONVERSION = YES;
				CLANG_WARN_DIRECT_OBJC_ISA_USAGE = YES_ERROR;
				CLANG_WARN_DOCUMENTATION_COMMENTS = YES;
				CLANG_WARN_EMPTY_BODY = YES;
				CLANG_WARN_ENUM_CONVERSION = YES;
				CLANG_WARN_INFINITE_RECURSION = YES;
				CLANG_WARN_INT_CONVERSION = YES;
				CLANG_WARN_NON_LITERAL_NULL_CONVERSION = YES;
				CLANG_WARN_OBJC_LITERAL_CONVERSION = YES;
				CLANG_WARN_OBJC_ROOT_CLASS = YES_ERROR;
				CLANG_WARN_RANGE_LOOP_ANALYSIS = YES;
				CLANG_WARN_STRICT_PROTOTYPES = YES;
				CLANG_WARN_SUSPICIOUS_MOVE = YES;
				CLANG_WARN_UNGUARDED_AVAILABILITY = YES_AGGRESSIVE;
				CLANG_WARN_UNREACHABLE_CODE = YES;
				CLANG_WARN__DUPLICATE_METHOD_MATCH = YES;
				CODE_SIGN_IDENTITY = "-";
				COPY_PHASE_STRIP = NO;
				DEBUG_INFORMATION_FORMAT = dwarf;
				ENABLE_STRICT_OBJC_MSGSEND = YES;
				ENABLE_TESTABILITY = YES;
				GCC_C_LANGUAGE_STANDARD = gnu11;
				GCC_DYNAMIC_NO_PIC = NO;
				GCC_NO_COMMON_BLOCKS = YES;
				GCC_OPTIMIZATION_LEVEL = 0;
				GCC_PREPROCESSOR_DEFINITIONS = (
					"DEBUG=1",
					"$(inherited)",
				);
				GCC_WARN_64_TO_32_BIT_CONVERSION = YES;
				GCC_WARN_ABOUT_RETURN_TYPE = YES_ERROR;
				GCC_WARN_UNDECLARED_SELECTOR = YES;
				GCC_WARN_UNINITIALIZED_AUTOS = YES_AGGRESSIVE;
				GCC_WARN_UNUSED_FUNCTION = YES;
				GCC_WARN_UNUSED_VARIABLE = YES;
				MACOSX_DEPLOYMENT_TARGET = 10.12;
				MTL_ENABLE_DEBUG_INFO = YES;
				ONLY_ACTIVE_ARCH = YES;
				SDKROOT = macosx;
			};
			name = Debug;
		};
		7BDD6A35202243430022239B /* Release */ = {
			isa = XCBuildConfiguration;
			buildSettings = {
				ALWAYS_SEARCH_USER_PATHS = NO;
				CLANG_ANALYZER_NONNULL = YES;
				CLANG_ANALYZER_NUMBER_OBJECT_CONVERSION = YES_AGGRESSIVE;
				CLANG_CXX_LANGUAGE_STANDARD = "gnu++14";
				CLANG_CXX_LIBRARY = "libc++";
				CLANG_ENABLE_MODULES = YES;
				CLANG_ENABLE_OBJC_ARC = YES;
				CLANG_WARN_BLOCK_CAPTURE_AUTORELEASING = YES;
				CLANG_WARN_BOOL_CONVERSION = YES;
				CLANG_WARN_COMMA = YES;
				CLANG_WARN_CONSTANT_CONVERSION = YES;
				CLANG_WARN_DIRECT_OBJC_ISA_USAGE = YES_ERROR;
				CLANG_WARN_DOCUMENTATION_COMMENTS = YES;
				CLANG_WARN_EMPTY_BODY = YES;
				CLANG_WARN_ENUM_CONVERSION = YES;
				CLANG_WARN_INFINITE_RECURSION = YES;
				CLANG_WARN_INT_CONVERSION = YES;
				CLANG_WARN_NON_LITERAL_NULL_CONVERSION = YES;
				CLANG_WARN_OBJC_LITERAL_CONVERSION = YES;
				CLANG_WARN_OBJC_ROOT_CLASS = YES_ERROR;
				CLANG_WARN_RANGE_LOOP_ANALYSIS = YES;
				CLANG_WARN_STRICT_PROTOTYPES = YES;
				CLANG_WARN_SUSPICIOUS_MOVE = YES;
				CLANG_WARN_UNGUARDED_AVAILABILITY = YES_AGGRESSIVE;
				CLANG_WARN_UNREACHABLE_CODE = YES;
				CLANG_WARN__DUPLICATE_METHOD_MATCH = YES;
				CODE_SIGN_IDENTITY = "-";
				COPY_PHASE_STRIP = NO;
				DEBUG_INFORMATION_FORMAT = "dwarf-with-dsym";
				ENABLE_NS_ASSERTIONS = NO;
				ENABLE_STRICT_OBJC_MSGSEND = YES;
				GCC_C_LANGUAGE_STANDARD = gnu11;
				GCC_NO_COMMON_BLOCKS = YES;
				GCC_WARN_64_TO_32_BIT_CONVERSION = YES;
				GCC_WARN_ABOUT_RETURN_TYPE = YES_ERROR;
				GCC_WARN_UNDECLARED_SELECTOR = YES;
				GCC_WARN_UNINITIALIZED_AUTOS = YES_AGGRESSIVE;
				GCC_WARN_UNUSED_FUNCTION = YES;
				GCC_WARN_UNUSED_VARIABLE = YES;
				MACOSX_DEPLOYMENT_TARGET = 10.12;
				MTL_ENABLE_DEBUG_INFO = NO;
				SDKROOT = macosx;
			};
			name = Release;
		};
		7BDD6A37202243430022239B /* Debug */ = {
			isa = XCBuildConfiguration;
			buildSettings = {
				CODE_SIGN_STYLE = Automatic;
				PRODUCT_NAME = "$(TARGET_NAME)";
			};
			name = Debug;
		};
		7BDD6A38202243430022239B /* Release */ = {
			isa = XCBuildConfiguration;
			buildSettings = {
				CODE_SIGN_STYLE = Automatic;
				PRODUCT_NAME = "$(TARGET_NAME)";
			};
			name = Release;
		};
/* End XCBuildConfiguration section */

/* Begin XCConfigurationList section */
		7BDD6A2A202243430022239B /* Build configuration list for PBXProject "DataStructures" */ = {
			isa = XCConfigurationList;
			buildConfigurations = (
				7BDD6A34202243430022239B /* Debug */,
				7BDD6A35202243430022239B /* Release */,
			);
			defaultConfigurationIsVisible = 0;
			defaultConfigurationName = Release;
		};
		7BDD6A36202243430022239B /* Build configuration list for PBXNativeTarget "DataStructures" */ = {
			isa = XCConfigurationList;
			buildConfigurations = (
				7BDD6A37202243430022239B /* Debug */,
				7BDD6A38202243430022239B /* Release */,
			);
			defaultConfigurationIsVisible = 0;
			defaultConfigurationName = Release;
		};
/* End XCConfigurationList section */
	};
	rootObject = 7BDD6A27202243430022239B /* Project object */;
}
